
Microsoft Visual Studio Solution File, Format Version 12.00
# Visual Studio Version 16
VisualStudioVersion = 16.0.29613.14
MinimumVisualStudioVersion = 10.0.40219.1
Project("{8BC9CEB8-8B4A-11D0-8D11-00A0C91BC942}") = "Final-Project", "Final-Project\Final-Project.vcxproj", "{D28AD24B-100A-43C9-ACB9-9F7DCA7EFAB4}"
EndProject
Project("{2150E333-8FDC-42A3-9474-1A3956D46DE8}") = "Python", "Python", "{DE836E7D-8970-4B94-8B17-157F5275675F}"
EndProject
Global
	GlobalSection(SolutionConfigurationPlatforms) = preSolution
		Debug|x64 = Debug|x64
		Debug|x86 = Debug|x86
		Release|x64 = Release|x64
		Release|x86 = Release|x86
	EndGlobalSection
	GlobalSection(ProjectConfigurationPlatforms) = postSolution
		{D28AD24B-100A-43C9-ACB9-9F7DCA7EFAB4}.Debug|x64.ActiveCfg = Debug|x64
		{D28AD24B-100A-43C9-ACB9-9F7DCA7EFAB4}.Debug|x64.Build.0 = Debug|x64
		{D28AD24B-100A-43C9-ACB9-9F7DCA7EFAB4}.Debug|x86.ActiveCfg = Debug|Win32
		{D28AD24B-100A-43C9-ACB9-9F7DCA7EFAB4}.Debug|x86.Build.0 = Debug|Win32
		{D28AD24B-100A-43C9-ACB9-9F7DCA7EFAB4}.Release|x64.ActiveCfg = Release|x64
		{D28AD24B-100A-43C9-ACB9-9F7DCA7EFAB4}.Release|x64.Build.0 = Release|x64
		{D28AD24B-100A-43C9-ACB9-9F7DCA7EFAB4}.Release|x86.ActiveCfg = Release|Win32
		{D28AD24B-100A-43C9-ACB9-9F7DCA7EFAB4}.Release|x86.Build.0 = Release|Win32
	EndGlobalSection
	GlobalSection(SolutionProperties) = preSolution
		HideSolutionNode = FALSE
	EndGlobalSection
	GlobalSection(ExtensibilityGlobals) = postSolution
		SolutionGuid = {3B1E30BD-AB2E-43FD-8F7A-1D7D40074803}
	EndGlobalSection
EndGlobal
