<?xml version="1.0" encoding="utf-8"?>
<Project ToolsVersion="4.0" xmlns="http://schemas.microsoft.com/developer/msbuild/2003">
  <ItemGroup>
    <Filter Include="Model">
      <UniqueIdentifier>{45b9b56e-8101-40a4-a01e-fca4a00ba6cb}</UniqueIdentifier>
    </Filter>
    <Filter Include="View">
      <UniqueIdentifier>{31033efd-c8f0-4a83-a7b4-7625557fc407}</UniqueIdentifier>
    </Filter>
    <Filter Include="Controller">
      <UniqueIdentifier>{d738ad85-f369-4b6c-b118-9b58f1f94b07}</UniqueIdentifier>
    </Filter>
    <Filter Include="Controller\Headers">
      <UniqueIdentifier>{a149f23d-51d1-420a-bcd9-49eaaed8c624}</UniqueIdentifier>
    </Filter>
    <Filter Include="Model\Headers">
      <UniqueIdentifier>{a5c3770c-8241-4733-ab87-d91926f81780}</UniqueIdentifier>
    </Filter>
  </ItemGroup>
  <ItemGroup>
    <ClCompile Include="GUI.cpp">
      <Filter>View</Filter>
    </ClCompile>
    <ClCompile Include="Automaton.cpp">
      <Filter>Model</Filter>
    </ClCompile>
    <ClCompile Include="FileManager.cpp">
      <Filter>Model</Filter>
    </ClCompile>
    <ClCompile Include="Controller.cpp">
      <Filter>Controller</Filter>
    </ClCompile>
    <ClCompile Include="MemberShip.cpp">
      <Filter>Controller</Filter>
    </ClCompile>
    <ClCompile Include="Equevilance.cpp">
      <Filter>Controller</Filter>
    </ClCompile>
  </ItemGroup>
  <ItemGroup>
    <ClInclude Include="Controller.h">
      <Filter>Controller\Headers</Filter>
    </ClInclude>
    <ClInclude Include="MemberShip.h">
      <Filter>Controller\Headers</Filter>
    </ClInclude>
    <ClInclude Include="Automaton.h">
      <Filter>Model\Headers</Filter>
    </ClInclude>
    <ClInclude Include="FileManager.h">
      <Filter>Model\Headers</Filter>
    </ClInclude>
    <ClInclude Include="Equevilance.h">
      <Filter>Controller\Headers</Filter>
    </ClInclude>
  </ItemGroup>
</Project>